// !$*UTF8*$!
{
	archiveVersion = 1;
	classes = {
	};
	objectVersion = 46;
	objects = {

/* Begin PBXBuildFile section */
		73E15A9C1BB3220000E0590C /* AppDelegate.swift in Sources */ = {isa = PBXBuildFile; fileRef = 73E15A9B1BB3220000E0590C /* AppDelegate.swift */; };
		73E15A9E1BB3220000E0590C /* ViewController.swift in Sources */ = {isa = PBXBuildFile; fileRef = 73E15A9D1BB3220000E0590C /* ViewController.swift */; };
		73E15AA11BB3220000E0590C /* Main.storyboard in Resources */ = {isa = PBXBuildFile; fileRef = 73E15A9F1BB3220000E0590C /* Main.storyboard */; };
		73E15AA31BB3220000E0590C /* Assets.xcassets in Resources */ = {isa = PBXBuildFile; fileRef = 73E15AA21BB3220000E0590C /* Assets.xcassets */; };
		73E15AA61BB3220000E0590C /* LaunchScreen.storyboard in Resources */ = {isa = PBXBuildFile; fileRef = 73E15AA41BB3220000E0590C /* LaunchScreen.storyboard */; };
		73E15AB11BB3220000E0590C /* Simple_QuizTests.swift in Sources */ = {isa = PBXBuildFile; fileRef = 73E15AB01BB3220000E0590C /* Simple_QuizTests.swift */; };
		73E15ABC1BB3220000E0590C /* Simple_QuizUITests.swift in Sources */ = {isa = PBXBuildFile; fileRef = 73E15ABB1BB3220000E0590C /* Simple_QuizUITests.swift */; };
/* End PBXBuildFile section */

/* Begin PBXContainerItemProxy section */
		73E15AAD1BB3220000E0590C /* PBXContainerItemProxy */ = {
			isa = PBXContainerItemProxy;
			containerPortal = 73E15A901BB3220000E0590C /* Project object */;
			proxyType = 1;
			remoteGlobalIDString = 73E15A971BB3220000E0590C;
			remoteInfo = "Simple Quiz";
		};
		73E15AB81BB3220000E0590C /* PBXContainerItemProxy */ = {
			isa = PBXContainerItemProxy;
			containerPortal = 73E15A901BB3220000E0590C /* Project object */;
			proxyType = 1;
			remoteGlobalIDString = 73E15A971BB3220000E0590C;
			remoteInfo = "Simple Quiz";
		};
/* End PBXContainerItemProxy section */

/* Begin PBXFileReference section */
		73E15A981BB3220000E0590C /* Simple Quiz.app */ = {isa = PBXFileReference; explicitFileType = wrapper.application; includeInIndex = 0; path = "Simple Quiz.app"; sourceTree = BUILT_PRODUCTS_DIR; };
		73E15A9B1BB3220000E0590C /* AppDelegate.swift */ = {isa = PBXFileReference; lastKnownFileType = sourcecode.swift; path = AppDelegate.swift; sourceTree = "<group>"; };
		73E15A9D1BB3220000E0590C /* ViewController.swift */ = {isa = PBXFileReference; lastKnownFileType = sourcecode.swift; path = ViewController.swift; sourceTree = "<group>"; };
		73E15AA01BB3220000E0590C /* Base */ = {isa = PBXFileReference; lastKnownFileType = file.storyboard; name = Base; path = Base.lproj/Main.storyboard; sourceTree = "<group>"; };
		73E15AA21BB3220000E0590C /* Assets.xcassets */ = {isa = PBXFileReference; lastKnownFileType = folder.assetcatalog; path = Assets.xcassets; sourceTree = "<group>"; };
		73E15AA51BB3220000E0590C /* Base */ = {isa = PBXFileReference; lastKnownFileType = file.storyboard; name = Base; path = Base.lproj/LaunchScreen.storyboard; sourceTree = "<group>"; };
		73E15AA71BB3220000E0590C /* Info.plist */ = {isa = PBXFileReference; lastKnownFileType = text.plist.xml; path = Info.plist; sourceTree = "<group>"; };
		73E15AAC1BB3220000E0590C /* Simple QuizTests.xctest */ = {isa = PBXFileReference; explicitFileType = wrapper.cfbundle; includeInIndex = 0; path = "Simple QuizTests.xctest"; sourceTree = BUILT_PRODUCTS_DIR; };
		73E15AB01BB3220000E0590C /* Simple_QuizTests.swift */ = {isa = PBXFileReference; lastKnownFileType = sourcecode.swift; path = Simple_QuizTests.swift; sourceTree = "<group>"; };
		73E15AB21BB3220000E0590C /* Info.plist */ = {isa = PBXFileReference; lastKnownFileType = text.plist.xml; path = Info.plist; sourceTree = "<group>"; };
		73E15AB71BB3220000E0590C /* Simple QuizUITests.xctest */ = {isa = PBXFileReference; explicitFileType = wrapper.cfbundle; includeInIndex = 0; path = "Simple QuizUITests.xctest"; sourceTree = BUILT_PRODUCTS_DIR; };
		73E15ABB1BB3220000E0590C /* Simple_QuizUITests.swift */ = {isa = PBXFileReference; lastKnownFileType = sourcecode.swift; path = Simple_QuizUITests.swift; sourceTree = "<group>"; };
		73E15ABD1BB3220000E0590C /* Info.plist */ = {isa = PBXFileReference; lastKnownFileType = text.plist.xml; path = Info.plist; sourceTree = "<group>"; };
/* End PBXFileReference section */

/* Begin PBXFrameworksBuildPhase section */
		73E15A951BB3220000E0590C /* Frameworks */ = {
			isa = PBXFrameworksBuildPhase;
			buildActionMask = 2147483647;
			files = (
			);
			runOnlyForDeploymentPostprocessing = 0;
		};
		73E15AA91BB3220000E0590C /* Frameworks */ = {
			isa = PBXFrameworksBuildPhase;
			buildActionMask = 2147483647;
			files = (
			);
			runOnlyForDeploymentPostprocessing = 0;
		};
		73E15AB41BB3220000E0590C /* Frameworks */ = {
			isa = PBXFrameworksBuildPhase;
			buildActionMask = 2147483647;
			files = (
			);
			runOnlyForDeploymentPostprocessing = 0;
		};
/* End PBXFrameworksBuildPhase section */

/* Begin PBXGroup section */
		73E15A8F1BB3220000E0590C = {
			isa = PBXGroup;
			children = (
				73E15A9A1BB3220000E0590C /* Simple Quiz */,
				73E15AAF1BB3220000E0590C /* Simple QuizTests */,
				73E15ABA1BB3220000E0590C /* Simple QuizUITests */,
				73E15A991BB3220000E0590C /* Products */,
			);
			sourceTree = "<group>";
		};
		73E15A991BB3220000E0590C /* Products */ = {
			isa = PBXGroup;
			children = (
				73E15A981BB3220000E0590C /* Simple Quiz.app */,
				73E15AAC1BB3220000E0590C /* Simple QuizTests.xctest */,
				73E15AB71BB3220000E0590C /* Simple QuizUITests.xctest */,
			);
			name = Products;
			sourceTree = "<group>";
		};
		73E15A9A1BB3220000E0590C /* Simple Quiz */ = {
			isa = PBXGroup;
			children = (
				73E15A9B1BB3220000E0590C /* AppDelegate.swift */,
				73E15A9D1BB3220000E0590C /* ViewController.swift */,
				73E15A9F1BB3220000E0590C /* Main.storyboard */,
				73E15AA21BB3220000E0590C /* Assets.xcassets */,
				73E15AA41BB3220000E0590C /* LaunchScreen.storyboard */,
				73E15AA71BB3220000E0590C /* Info.plist */,
			);
			path = "Simple Quiz";
			sourceTree = "<group>";
		};
		73E15AAF1BB3220000E0590C /* Simple QuizTests */ = {
			isa = PBXGroup;
			children = (
				73E15AB01BB3220000E0590C /* Simple_QuizTests.swift */,
				73E15AB21BB3220000E0590C /* Info.plist */,
			);
			path = "Simple QuizTests";
			sourceTree = "<group>";
		};
		73E15ABA1BB3220000E0590C /* Simple QuizUITests */ = {
			isa = PBXGroup;
			children = (
				73E15ABB1BB3220000E0590C /* Simple_QuizUITests.swift */,
				73E15ABD1BB3220000E0590C /* Info.plist */,
			);
			path = "Simple QuizUITests";
			sourceTree = "<group>";
		};
/* End PBXGroup section */

/* Begin PBXNativeTarget section */
		73E15A971BB3220000E0590C /* Simple Quiz */ = {
			isa = PBXNativeTarget;
			buildConfigurationList = 73E15AC01BB3220000E0590C /* Build configuration list for PBXNativeTarget "Simple Quiz" */;
			buildPhases = (
				73E15A941BB3220000E0590C /* Sources */,
				73E15A951BB3220000E0590C /* Frameworks */,
				73E15A961BB3220000E0590C /* Resources */,
			);
			buildRules = (
			);
			dependencies = (
			);
			name = "Simple Quiz";
			productName = "Simple Quiz";
			productReference = 73E15A981BB3220000E0590C /* Simple Quiz.app */;
			productType = "com.apple.product-type.application";
		};
		73E15AAB1BB3220000E0590C /* Simple QuizTests */ = {
			isa = PBXNativeTarget;
			buildConfigurationList = 73E15AC31BB3220000E0590C /* Build configuration list for PBXNativeTarget "Simple QuizTests" */;
			buildPhases = (
				73E15AA81BB3220000E0590C /* Sources */,
				73E15AA91BB3220000E0590C /* Frameworks */,
				73E15AAA1BB3220000E0590C /* Resources */,
			);
			buildRules = (
			);
			dependencies = (
				73E15AAE1BB3220000E0590C /* PBXTargetDependency */,
			);
			name = "Simple QuizTests";
			productName = "Simple QuizTests";
			productReference = 73E15AAC1BB3220000E0590C /* Simple QuizTests.xctest */;
			productType = "com.apple.product-type.bundle.unit-test";
		};
		73E15AB61BB3220000E0590C /* Simple QuizUITests */ = {
			isa = PBXNativeTarget;
			buildConfigurationList = 73E15AC61BB3220000E0590C /* Build configuration list for PBXNativeTarget "Simple QuizUITests" */;
			buildPhases = (
				73E15AB31BB3220000E0590C /* Sources */,
				73E15AB41BB3220000E0590C /* Frameworks */,
				73E15AB51BB3220000E0590C /* Resources */,
			);
			buildRules = (
			);
			dependencies = (
				73E15AB91BB3220000E0590C /* PBXTargetDependency */,
			);
			name = "Simple QuizUITests";
			productName = "Simple QuizUITests";
			productReference = 73E15AB71BB3220000E0590C /* Simple QuizUITests.xctest */;
			productType = "com.apple.product-type.bundle.ui-testing";
		};
/* End PBXNativeTarget section */

/* Begin PBXProject section */
		73E15A901BB3220000E0590C /* Project object */ = {
			isa = PBXProject;
			attributes = {
				LastUpgradeCheck = 0700;
				ORGANIZATIONNAME = RLDT;
				TargetAttributes = {
					73E15A971BB3220000E0590C = {
						CreatedOnToolsVersion = 7.0;
					};
					73E15AAB1BB3220000E0590C = {
						CreatedOnToolsVersion = 7.0;
						TestTargetID = 73E15A971BB3220000E0590C;
					};
					73E15AB61BB3220000E0590C = {
						CreatedOnToolsVersion = 7.0;
						TestTargetID = 73E15A971BB3220000E0590C;
					};
				};
			};
			buildConfigurationList = 73E15A931BB3220000E0590C /* Build configuration list for PBXProject "Simple Quiz" */;
			compatibilityVersion = "Xcode 3.2";
			developmentRegion = English;
			hasScannedForEncodings = 0;
			knownRegions = (
				en,
				Base,
			);
			mainGroup = 73E15A8F1BB3220000E0590C;
			productRefGroup = 73E15A991BB3220000E0590C /* Products */;
			projectDirPath = "";
			projectRoot = "";
			targets = (
				73E15A971BB3220000E0590C /* Simple Quiz */,
				73E15AAB1BB3220000E0590C /* Simple QuizTests */,
				73E15AB61BB3220000E0590C /* Simple QuizUITests */,
			);
		};
/* End PBXProject section */

/* Begin PBXResourcesBuildPhase section */
		73E15A961BB3220000E0590C /* Resources */ = {
			isa = PBXResourcesBuildPhase;
			buildActionMask = 2147483647;
			files = (
				73E15AA61BB3220000E0590C /* LaunchScreen.storyboard in Resources */,
				73E15AA31BB3220000E0590C /* Assets.xcassets in Resources */,
				73E15AA11BB3220000E0590C /* Main.storyboard in Resources */,
			);
			runOnlyForDeploymentPostprocessing = 0;
		};
		73E15AAA1BB3220000E0590C /* Resources */ = {
			isa = PBXResourcesBuildPhase;
			buildActionMask = 2147483647;
			files = (
			);
			runOnlyForDeploymentPostprocessing = 0;
		};
		73E15AB51BB3220000E0590C /* Resources */ = {
			isa = PBXResourcesBuildPhase;
			buildActionMask = 2147483647;
			files = (
			);
			runOnlyForDeploymentPostprocessing = 0;
		};
/* End PBXResourcesBuildPhase section */

/* Begin PBXSourcesBuildPhase section */
		73E15A941BB3220000E0590C /* Sources */ = {
			isa = PBXSourcesBuildPhase;
			buildActionMask = 2147483647;
			files = (
				73E15A9E1BB3220000E0590C /* ViewController.swift in Sources */,
				73E15A9C1BB3220000E0590C /* AppDelegate.swift in Sources */,
			);
			runOnlyForDeploymentPostprocessing = 0;
		};
		73E15AA81BB3220000E0590C /* Sources */ = {
			isa = PBXSourcesBuildPhase;
			buildActionMask = 2147483647;
			files = (
				73E15AB11BB3220000E0590C /* Simple_QuizTests.swift in Sources */,
			);
			runOnlyForDeploymentPostprocessing = 0;
		};
		73E15AB31BB3220000E0590C /* Sources */ = {
			isa = PBXSourcesBuildPhase;
			buildActionMask = 2147483647;
			files = (
				73E15ABC1BB3220000E0590C /* Simple_QuizUITests.swift in Sources */,
			);
			runOnlyForDeploymentPostprocessing = 0;
		};
/* End PBXSourcesBuildPhase section */

/* Begin PBXTargetDependency section */
		73E15AAE1BB3220000E0590C /* PBXTargetDependency */ = {
			isa = PBXTargetDependency;
			target = 73E15A971BB3220000E0590C /* Simple Quiz */;
			targetProxy = 73E15AAD1BB3220000E0590C /* PBXContainerItemProxy */;
		};
		73E15AB91BB3220000E0590C /* PBXTargetDependency */ = {
			isa = PBXTargetDependency;
			target = 73E15A971BB3220000E0590C /* Simple Quiz */;
			targetProxy = 73E15AB81BB3220000E0590C /* PBXContainerItemProxy */;
		};
/* End PBXTargetDependency section */

/* Begin PBXVariantGroup section */
		73E15A9F1BB3220000E0590C /* Main.storyboard */ = {
			isa = PBXVariantGroup;
			children = (
				73E15AA01BB3220000E0590C /* Base */,
			);
			name = Main.storyboard;
			sourceTree = "<group>";
		};
		73E15AA41BB3220000E0590C /* LaunchScreen.storyboard */ = {
			isa = PBXVariantGroup;
			children = (
				73E15AA51BB3220000E0590C /* Base */,
			);
			name = LaunchScreen.storyboard;
			sourceTree = "<group>";
		};
/* End PBXVariantGroup section */

/* Begin XCBuildConfiguration section */
		73E15ABE1BB3220000E0590C /* Debug */ = {
			isa = XCBuildConfiguration;
			buildSettings = {
				ALWAYS_SEARCH_USER_PATHS = NO;
				CLANG_CXX_LANGUAGE_STANDARD = "gnu++0x";
				CLANG_CXX_LIBRARY = "libc++";
				CLANG_ENABLE_MODULES = YES;
				CLANG_ENABLE_OBJC_ARC = YES;
				CLANG_WARN_BOOL_CONVERSION = YES;
				CLANG_WARN_CONSTANT_CONVERSION = YES;
				CLANG_WARN_DIRECT_OBJC_ISA_USAGE = YES_ERROR;
				CLANG_WARN_EMPTY_BODY = YES;
				CLANG_WARN_ENUM_CONVERSION = YES;
				CLANG_WARN_INT_CONVERSION = YES;
				CLANG_WARN_OBJC_ROOT_CLASS = YES_ERROR;
				CLANG_WARN_UNREACHABLE_CODE = YES;
				CLANG_WARN__DUPLICATE_METHOD_MATCH = YES;
				"CODE_SIGN_IDENTITY[sdk=iphoneos*]" = "iPhone Developer";
				COPY_PHASE_STRIP = NO;
				DEBUG_INFORMATION_FORMAT = dwarf;
				ENABLE_STRICT_OBJC_MSGSEND = YES;
				ENABLE_TESTABILITY = YES;
				GCC_C_LANGUAGE_STANDARD = gnu99;
				GCC_DYNAMIC_NO_PIC = NO;
				GCC_NO_COMMON_BLOCKS = YES;
				GCC_OPTIMIZATION_LEVEL = 0;
				GCC_PREPROCESSOR_DEFINITIONS = (
					"DEBUG=1",
					"$(inherited)",
				);
				GCC_WARN_64_TO_32_BIT_CONVERSION = YES;
				GCC_WARN_ABOUT_RETURN_TYPE = YES_ERROR;
				GCC_WARN_UNDECLARED_SELECTOR = YES;
				GCC_WARN_UNINITIALIZED_AUTOS = YES_AGGRESSIVE;
				GCC_WARN_UNUSED_FUNCTION = YES;
				GCC_WARN_UNUSED_VARIABLE = YES;
				IPHONEOS_DEPLOYMENT_TARGET = 9.0;
				MTL_ENABLE_DEBUG_INFO = YES;
				ONLY_ACTIVE_ARCH = YES;
				SDKROOT = iphoneos;
				SWIFT_OPTIMIZATION_LEVEL = "-Onone";
			};
			name = Debug;
		};
		73E15ABF1BB3220000E0590C /* Release */ = {
			isa = XCBuildConfiguration;
			buildSettings = {
				ALWAYS_SEARCH_USER_PATHS = NO;
				CLANG_CXX_LANGUAGE_STANDARD = "gnu++0x";
				CLANG_CXX_LIBRARY = "libc++";
				CLANG_ENABLE_MODULES = YES;
				CLANG_ENABLE_OBJC_ARC = YES;
				CLANG_WARN_BOOL_CONVERSION = YES;
				CLANG_WARN_CONSTANT_CONVERSION = YES;
				CLANG_WARN_DIRECT_OBJC_ISA_USAGE = YES_ERROR;
				CLANG_WARN_EMPTY_BODY = YES;
				CLANG_WARN_ENUM_CONVERSION = YES;
				CLANG_WARN_INT_CONVERSION = YES;
				CLANG_WARN_OBJC_ROOT_CLASS = YES_ERROR;
				CLANG_WARN_UNREACHABLE_CODE = YES;
				CLANG_WARN__DUPLICATE_METHOD_MATCH = YES;
				"CODE_SIGN_IDENTITY[sdk=iphoneos*]" = "iPhone Developer";
				COPY_PHASE_STRIP = NO;
				DEBUG_INFORMATION_FORMAT = "dwarf-with-dsym";
				ENABLE_NS_ASSERTIONS = NO;
				ENABLE_STRICT_OBJC_MSGSEND = YES;
				GCC_C_LANGUAGE_STANDARD = gnu99;
				GCC_NO_COMMON_BLOCKS = YES;
				GCC_WARN_64_TO_32_BIT_CONVERSION = YES;
				GCC_WARN_ABOUT_RETURN_TYPE = YES_ERROR;
				GCC_WARN_UNDECLARED_SELECTOR = YES;
				GCC_WARN_UNINITIALIZED_AUTOS = YES_AGGRESSIVE;
				GCC_WARN_UNUSED_FUNCTION = YES;
				GCC_WARN_UNUSED_VARIABLE = YES;
				IPHONEOS_DEPLOYMENT_TARGET = 9.0;
				MTL_ENABLE_DEBUG_INFO = NO;
				SDKROOT = iphoneos;
				VALIDATE_PRODUCT = YES;
			};
			name = Release;
		};
		73E15AC11BB3220000E0590C /* Debug */ = {
			isa = XCBuildConfiguration;
			buildSettings = {
				ASSETCATALOG_COMPILER_APPICON_NAME = AppIcon;
				INFOPLIST_FILE = "Simple Quiz/Info.plist";
				LD_RUNPATH_SEARCH_PATHS = "$(inherited) @executable_path/Frameworks";
				PRODUCT_BUNDLE_IDENTIFIER = "com.RLDT.Simple-Quiz";
				PRODUCT_NAME = "$(TARGET_NAME)";
			};
			name = Debug;
		};
		73E15AC21BB3220000E0590C /* Release */ = {
			isa = XCBuildConfiguration;
			buildSettings = {
				ASSETCATALOG_COMPILER_APPICON_NAME = AppIcon;
				INFOPLIST_FILE = "Simple Quiz/Info.plist";
				LD_RUNPATH_SEARCH_PATHS = "$(inherited) @executable_path/Frameworks";
				PRODUCT_BUNDLE_IDENTIFIER = "com.RLDT.Simple-Quiz";
				PRODUCT_NAME = "$(TARGET_NAME)";
			};
			name = Release;
		};
		73E15AC41BB3220000E0590C /* Debug */ = {
			isa = XCBuildConfiguration;
			buildSettings = {
				BUNDLE_LOADER = "$(TEST_HOST)";
				INFOPLIST_FILE = "Simple QuizTests/Info.plist";
				LD_RUNPATH_SEARCH_PATHS = "$(inherited) @executable_path/Frameworks @loader_path/Frameworks";
				PRODUCT_BUNDLE_IDENTIFIER = "com.RLDT.Simple-QuizTests";
				PRODUCT_NAME = "$(TARGET_NAME)";
				TEST_HOST = "$(BUILT_PRODUCTS_DIR)/Simple Quiz.app/Simple Quiz";
			};
			name = Debug;
		};
		73E15AC51BB3220000E0590C /* Release */ = {
			isa = XCBuildConfiguration;
			buildSettings = {
				BUNDLE_LOADER = "$(TEST_HOST)";
				INFOPLIST_FILE = "Simple QuizTests/Info.plist";
				LD_RUNPATH_SEARCH_PATHS = "$(inherited) @executable_path/Frameworks @loader_path/Frameworks";
				PRODUCT_BUNDLE_IDENTIFIER = "com.RLDT.Simple-QuizTests";
				PRODUCT_NAME = "$(TARGET_NAME)";
				TEST_HOST = "$(BUILT_PRODUCTS_DIR)/Simple Quiz.app/Simple Quiz";
			};
			name = Release;
		};
		73E15AC71BB3220000E0590C /* Debug */ = {
			isa = XCBuildConfiguration;
			buildSettings = {
				INFOPLIST_FILE = "Simple QuizUITests/Info.plist";
				LD_RUNPATH_SEARCH_PATHS = "$(inherited) @executable_path/Frameworks @loader_path/Frameworks";
				PRODUCT_BUNDLE_IDENTIFIER = "com.RLDT.Simple-QuizUITests";
				PRODUCT_NAME = "$(TARGET_NAME)";
				TEST_TARGET_NAME = "Simple Quiz";
				USES_XCTRUNNER = YES;
			};
			name = Debug;
		};
		73E15AC81BB3220000E0590C /* Release */ = {
			isa = XCBuildConfiguration;
			buildSettings = {
				INFOPLIST_FILE = "Simple QuizUITests/Info.plist";
				LD_RUNPATH_SEARCH_PATHS = "$(inherited) @executable_path/Frameworks @loader_path/Frameworks";
				PRODUCT_BUNDLE_IDENTIFIER = "com.RLDT.Simple-QuizUITests";
				PRODUCT_NAME = "$(TARGET_NAME)";
				TEST_TARGET_NAME = "Simple Quiz";
				USES_XCTRUNNER = YES;
			};
			name = Release;
		};
/* End XCBuildConfiguration section */

/* Begin XCConfigurationList section */
		73E15A931BB3220000E0590C /* Build configuration list for PBXProject "Simple Quiz" */ = {
			isa = XCConfigurationList;
			buildConfigurations = (
				73E15ABE1BB3220000E0590C /* Debug */,
				73E15ABF1BB3220000E0590C /* Release */,
			);
			defaultConfigurationIsVisible = 0;
			defaultConfigurationName = Release;
		};
		73E15AC01BB3220000E0590C /* Build configuration list for PBXNativeTarget "Simple Quiz" */ = {
			isa = XCConfigurationList;
			buildConfigurations = (
				73E15AC11BB3220000E0590C /* Debug */,
				73E15AC21BB3220000E0590C /* Release */,
			);
			defaultConfigurationIsVisible = 0;
		};
		73E15AC31BB3220000E0590C /* Build configuration list for PBXNativeTarget "Simple QuizTests" */ = {
			isa = XCConfigurationList;
			buildConfigurations = (
				73E15AC41BB3220000E0590C /* Debug */,
				73E15AC51BB3220000E0590C /* Release */,
			);
			defaultConfigurationIsVisible = 0;
		};
		73E15AC61BB3220000E0590C /* Build configuration list for PBXNativeTarget "Simple QuizUITests" */ = {
			isa = XCConfigurationList;
			buildConfigurations = (
				73E15AC71BB3220000E0590C /* Debug */,
				73E15AC81BB3220000E0590C /* Release */,
			);
			defaultConfigurationIsVisible = 0;
		};
/* End XCConfigurationList section */
	};
	rootObject = 73E15A901BB3220000E0590C /* Project object */;
}
